// !$*UTF8*$!
{
	archiveVersion = 1;
	classes = {
	};
	objectVersion = 45;
	objects = {

/* Begin PBXBuildFile section */
		1D3623260D0F684500981E51 /* PartySenseAppDelegate.m in Sources */ = {isa = PBXBuildFile; fileRef = 1D3623250D0F684500981E51 /* PartySenseAppDelegate.m */; };
		1D60589B0D05DD56006BFB54 /* main.m in Sources */ = {isa = PBXBuildFile; fileRef = 29B97316FDCFA39411CA2CEA /* main.m */; };
		1D60589F0D05DD5A006BFB54 /* Foundation.framework in Frameworks */ = {isa = PBXBuildFile; fileRef = 1D30AB110D05D00D00671497 /* Foundation.framework */; };
		1DF5F4E00D08C38300B7A737 /* UIKit.framework in Frameworks */ = {isa = PBXBuildFile; fileRef = 1DF5F4DF0D08C38300B7A737 /* UIKit.framework */; };
		288765FD0DF74451002DB57D /* CoreGraphics.framework in Frameworks */ = {isa = PBXBuildFile; fileRef = 288765FC0DF74451002DB57D /* CoreGraphics.framework */; };
		28AD733F0D9D9553002E5188 /* MainWindow.xib in Resources */ = {isa = PBXBuildFile; fileRef = 28AD733E0D9D9553002E5188 /* MainWindow.xib */; };
		43AD680712F579AD0093AF73 /* HomeViewController.m in Sources */ = {isa = PBXBuildFile; fileRef = 43AD680612F579AD0093AF73 /* HomeViewController.m */; };
		43AD684F12F5C67F0093AF73 /* PSPageView.m in Sources */ = {isa = PBXBuildFile; fileRef = 43AD684E12F5C67F0093AF73 /* PSPageView.m */; };
		C81AF16B16A40FF200742618 /* ATPagingView.m in Sources */ = {isa = PBXBuildFile; fileRef = C81AF16A16A40FF200742618 /* ATPagingView.m */; };
		C81AF16D16A4109C00742618 /* Default-568h@2x.png in Resources */ = {isa = PBXBuildFile; fileRef = C81AF16C16A4109C00742618 /* Default-568h@2x.png */; };
		C8B9823D16ABA0D2009FE453 /* Data in Resources */ = {isa = PBXBuildFile; fileRef = C8B9823C16ABA0D2009FE453 /* Data */; };
		C8FE0D7816A6B82100070851 /* MainMenuPageView.m in Sources */ = {isa = PBXBuildFile; fileRef = C8FE0D7716A6B82100070851 /* MainMenuPageView.m */; };
		C8FE0D7C16A6BA5200070851 /* MenuItemListView.m in Sources */ = {isa = PBXBuildFile; fileRef = C8FE0D7B16A6BA5200070851 /* MenuItemListView.m */; };
		F70A342E16CA3DD700FCE7A1 /* ASIAuthenticationDialog.m in Sources */ = {isa = PBXBuildFile; fileRef = F70A33DD16CA3DD700FCE7A1 /* ASIAuthenticationDialog.m */; };
		F70A342F16CA3DD700FCE7A1 /* ASIDataCompressor.m in Sources */ = {isa = PBXBuildFile; fileRef = F70A33E016CA3DD700FCE7A1 /* ASIDataCompressor.m */; };
		F70A343016CA3DD700FCE7A1 /* ASIDataDecompressor.m in Sources */ = {isa = PBXBuildFile; fileRef = F70A33E216CA3DD700FCE7A1 /* ASIDataDecompressor.m */; };
		F70A343116CA3DD700FCE7A1 /* ASIDownloadCache.m in Sources */ = {isa = PBXBuildFile; fileRef = F70A33E416CA3DD700FCE7A1 /* ASIDownloadCache.m */; };
		F70A343216CA3DD700FCE7A1 /* ASIFormDataRequest.m in Sources */ = {isa = PBXBuildFile; fileRef = F70A33E616CA3DD700FCE7A1 /* ASIFormDataRequest.m */; };
		F70A343316CA3DD700FCE7A1 /* ASIHTTPRequest.m in Sources */ = {isa = PBXBuildFile; fileRef = F70A33E816CA3DD700FCE7A1 /* ASIHTTPRequest.m */; };
		F70A343416CA3DD700FCE7A1 /* ASIInputStream.m in Sources */ = {isa = PBXBuildFile; fileRef = F70A33EC16CA3DD700FCE7A1 /* ASIInputStream.m */; };
		F70A343516CA3DD700FCE7A1 /* ASINetworkQueue.m in Sources */ = {isa = PBXBuildFile; fileRef = F70A33EE16CA3DD700FCE7A1 /* ASINetworkQueue.m */; };
		F70A345516CA46F100FCE7A1 /* PSCentral.m in Sources */ = {isa = PBXBuildFile; fileRef = F70A345416CA46F100FCE7A1 /* PSCentral.m */; };
		F70A345716CA51C200FCE7A1 /* CFNetwork.framework in Frameworks */ = {isa = PBXBuildFile; fileRef = F70A345616CA51C200FCE7A1 /* CFNetwork.framework */; };
		F70A345916CA51F600FCE7A1 /* MobileCoreServices.framework in Frameworks */ = {isa = PBXBuildFile; fileRef = F70A345816CA51F600FCE7A1 /* MobileCoreServices.framework */; };
		F70A345B16CA51FF00FCE7A1 /* SystemConfiguration.framework in Frameworks */ = {isa = PBXBuildFile; fileRef = F70A345A16CA51FF00FCE7A1 /* SystemConfiguration.framework */; };
		F70A345F16CA525300FCE7A1 /* Reachability.m in Sources */ = {isa = PBXBuildFile; fileRef = F70A345E16CA525300FCE7A1 /* Reachability.m */; };
		F70A346116CA526600FCE7A1 /* libz.1.2.5.dylib in Frameworks */ = {isa = PBXBuildFile; fileRef = F70A346016CA526600FCE7A1 /* libz.1.2.5.dylib */; };
/* End PBXBuildFile section */

/* Begin PBXFileReference section */
		1D30AB110D05D00D00671497 /* Foundation.framework */ = {isa = PBXFileReference; lastKnownFileType = wrapper.framework; name = Foundation.framework; path = System/Library/Frameworks/Foundation.framework; sourceTree = SDKROOT; };
		1D3623240D0F684500981E51 /* PartySenseAppDelegate.h */ = {isa = PBXFileReference; fileEncoding = 4; lastKnownFileType = sourcecode.c.h; path = PartySenseAppDelegate.h; sourceTree = "<group>"; };
		1D3623250D0F684500981E51 /* PartySenseAppDelegate.m */ = {isa = PBXFileReference; fileEncoding = 4; lastKnownFileType = sourcecode.c.objc; path = PartySenseAppDelegate.m; sourceTree = "<group>"; };
		1D6058910D05DD3D006BFB54 /* PartySense.app */ = {isa = PBXFileReference; explicitFileType = wrapper.application; includeInIndex = 0; path = PartySense.app; sourceTree = BUILT_PRODUCTS_DIR; };
		1DF5F4DF0D08C38300B7A737 /* UIKit.framework */ = {isa = PBXFileReference; lastKnownFileType = wrapper.framework; name = UIKit.framework; path = System/Library/Frameworks/UIKit.framework; sourceTree = SDKROOT; };
		288765FC0DF74451002DB57D /* CoreGraphics.framework */ = {isa = PBXFileReference; lastKnownFileType = wrapper.framework; name = CoreGraphics.framework; path = System/Library/Frameworks/CoreGraphics.framework; sourceTree = SDKROOT; };
		28AD733E0D9D9553002E5188 /* MainWindow.xib */ = {isa = PBXFileReference; lastKnownFileType = file.xib; path = MainWindow.xib; sourceTree = "<group>"; };
		29B97316FDCFA39411CA2CEA /* main.m */ = {isa = PBXFileReference; fileEncoding = 4; lastKnownFileType = sourcecode.c.objc; path = main.m; sourceTree = "<group>"; };
		32CA4F630368D1EE00C91783 /* PartySense_Prefix.pch */ = {isa = PBXFileReference; fileEncoding = 4; lastKnownFileType = sourcecode.c.h; path = PartySense_Prefix.pch; sourceTree = "<group>"; };
		43AD680512F579AD0093AF73 /* HomeViewController.h */ = {isa = PBXFileReference; fileEncoding = 4; lastKnownFileType = sourcecode.c.h; path = HomeViewController.h; sourceTree = "<group>"; };
		43AD680612F579AD0093AF73 /* HomeViewController.m */ = {isa = PBXFileReference; fileEncoding = 4; lastKnownFileType = sourcecode.c.objc; path = HomeViewController.m; sourceTree = "<group>"; };
		43AD684D12F5C67F0093AF73 /* PSPageView.h */ = {isa = PBXFileReference; fileEncoding = 4; lastKnownFileType = sourcecode.c.h; path = PSPageView.h; sourceTree = "<group>"; };
		43AD684E12F5C67F0093AF73 /* PSPageView.m */ = {isa = PBXFileReference; fileEncoding = 4; lastKnownFileType = sourcecode.c.objc; path = PSPageView.m; sourceTree = "<group>"; };
		8D1107310486CEB800E47090 /* PartySense-Info.plist */ = {isa = PBXFileReference; fileEncoding = 4; lastKnownFileType = text.plist.xml; path = "PartySense-Info.plist"; plistStructureDefinitionIdentifier = "com.apple.xcode.plist.structure-definition.iphone.info-plist"; sourceTree = "<group>"; };
		C81AF16916A40FF200742618 /* ATPagingView.h */ = {isa = PBXFileReference; fileEncoding = 4; lastKnownFileType = sourcecode.c.h; name = ATPagingView.h; path = Classes/ATPagingView.h; sourceTree = "<group>"; };
		C81AF16A16A40FF200742618 /* ATPagingView.m */ = {isa = PBXFileReference; fileEncoding = 4; lastKnownFileType = sourcecode.c.objc; name = ATPagingView.m; path = Classes/ATPagingView.m; sourceTree = "<group>"; };
		C81AF16C16A4109C00742618 /* Default-568h@2x.png */ = {isa = PBXFileReference; lastKnownFileType = image.png; path = "Default-568h@2x.png"; sourceTree = "<group>"; };
		C8B9823C16ABA0D2009FE453 /* Data */ = {isa = PBXFileReference; lastKnownFileType = folder; path = Data; sourceTree = "<group>"; };
		C8FE0D7616A6B82100070851 /* MainMenuPageView.h */ = {isa = PBXFileReference; fileEncoding = 4; lastKnownFileType = sourcecode.c.h; path = MainMenuPageView.h; sourceTree = "<group>"; };
		C8FE0D7716A6B82100070851 /* MainMenuPageView.m */ = {isa = PBXFileReference; fileEncoding = 4; lastKnownFileType = sourcecode.c.objc; path = MainMenuPageView.m; sourceTree = "<group>"; };
		C8FE0D7A16A6BA5200070851 /* MenuItemListView.h */ = {isa = PBXFileReference; fileEncoding = 4; lastKnownFileType = sourcecode.c.h; path = MenuItemListView.h; sourceTree = "<group>"; };
		C8FE0D7B16A6BA5200070851 /* MenuItemListView.m */ = {isa = PBXFileReference; fileEncoding = 4; lastKnownFileType = sourcecode.c.objc; path = MenuItemListView.m; sourceTree = "<group>"; };
		F70A33DC16CA3DD700FCE7A1 /* ASIAuthenticationDialog.h */ = {isa = PBXFileReference; fileEncoding = 4; lastKnownFileType = sourcecode.c.h; path = ASIAuthenticationDialog.h; sourceTree = "<group>"; };
		F70A33DD16CA3DD700FCE7A1 /* ASIAuthenticationDialog.m */ = {isa = PBXFileReference; fileEncoding = 4; lastKnownFileType = sourcecode.c.objc; path = ASIAuthenticationDialog.m; sourceTree = "<group>"; };
		F70A33DE16CA3DD700FCE7A1 /* ASICacheDelegate.h */ = {isa = PBXFileReference; fileEncoding = 4; lastKnownFileType = sourcecode.c.h; path = ASICacheDelegate.h; sourceTree = "<group>"; };
		F70A33DF16CA3DD700FCE7A1 /* ASIDataCompressor.h */ = {isa = PBXFileReference; fileEncoding = 4; lastKnownFileType = sourcecode.c.h; path = ASIDataCompressor.h; sourceTree = "<group>"; };
		F70A33E016CA3DD700FCE7A1 /* ASIDataCompressor.m */ = {isa = PBXFileReference; fileEncoding = 4; lastKnownFileType = sourcecode.c.objc; path = ASIDataCompressor.m; sourceTree = "<group>"; };
		F70A33E116CA3DD700FCE7A1 /* ASIDataDecompressor.h */ = {isa = PBXFileReference; fileEncoding = 4; lastKnownFileType = sourcecode.c.h; path = ASIDataDecompressor.h; sourceTree = "<group>"; };
		F70A33E216CA3DD700FCE7A1 /* ASIDataDecompressor.m */ = {isa = PBXFileReference; fileEncoding = 4; lastKnownFileType = sourcecode.c.objc; path = ASIDataDecompressor.m; sourceTree = "<group>"; };
		F70A33E316CA3DD700FCE7A1 /* ASIDownloadCache.h */ = {isa = PBXFileReference; fileEncoding = 4; lastKnownFileType = sourcecode.c.h; path = ASIDownloadCache.h; sourceTree = "<group>"; };
		F70A33E416CA3DD700FCE7A1 /* ASIDownloadCache.m */ = {isa = PBXFileReference; fileEncoding = 4; lastKnownFileType = sourcecode.c.objc; path = ASIDownloadCache.m; sourceTree = "<group>"; };
		F70A33E516CA3DD700FCE7A1 /* ASIFormDataRequest.h */ = {isa = PBXFileReference; fileEncoding = 4; lastKnownFileType = sourcecode.c.h; path = ASIFormDataRequest.h; sourceTree = "<group>"; };
		F70A33E616CA3DD700FCE7A1 /* ASIFormDataRequest.m */ = {isa = PBXFileReference; fileEncoding = 4; lastKnownFileType = sourcecode.c.objc; path = ASIFormDataRequest.m; sourceTree = "<group>"; };
		F70A33E716CA3DD700FCE7A1 /* ASIHTTPRequest.h */ = {isa = PBXFileReference; fileEncoding = 4; lastKnownFileType = sourcecode.c.h; path = ASIHTTPRequest.h; sourceTree = "<group>"; };
		F70A33E816CA3DD700FCE7A1 /* ASIHTTPRequest.m */ = {isa = PBXFileReference; fileEncoding = 4; lastKnownFileType = sourcecode.c.objc; path = ASIHTTPRequest.m; sourceTree = "<group>"; };
		F70A33E916CA3DD700FCE7A1 /* ASIHTTPRequestConfig.h */ = {isa = PBXFileReference; fileEncoding = 4; lastKnownFileType = sourcecode.c.h; path = ASIHTTPRequestConfig.h; sourceTree = "<group>"; };
		F70A33EA16CA3DD700FCE7A1 /* ASIHTTPRequestDelegate.h */ = {isa = PBXFileReference; fileEncoding = 4; lastKnownFileType = sourcecode.c.h; path = ASIHTTPRequestDelegate.h; sourceTree = "<group>"; };
		F70A33EB16CA3DD700FCE7A1 /* ASIInputStream.h */ = {isa = PBXFileReference; fileEncoding = 4; lastKnownFileType = sourcecode.c.h; path = ASIInputStream.h; sourceTree = "<group>"; };
		F70A33EC16CA3DD700FCE7A1 /* ASIInputStream.m */ = {isa = PBXFileReference; fileEncoding = 4; lastKnownFileType = sourcecode.c.objc; path = ASIInputStream.m; sourceTree = "<group>"; };
		F70A33ED16CA3DD700FCE7A1 /* ASINetworkQueue.h */ = {isa = PBXFileReference; fileEncoding = 4; lastKnownFileType = sourcecode.c.h; path = ASINetworkQueue.h; sourceTree = "<group>"; };
		F70A33EE16CA3DD700FCE7A1 /* ASINetworkQueue.m */ = {isa = PBXFileReference; fileEncoding = 4; lastKnownFileType = sourcecode.c.objc; path = ASINetworkQueue.m; sourceTree = "<group>"; };
		F70A33EF16CA3DD700FCE7A1 /* ASIProgressDelegate.h */ = {isa = PBXFileReference; fileEncoding = 4; lastKnownFileType = sourcecode.c.h; path = ASIProgressDelegate.h; sourceTree = "<group>"; };
		F70A345316CA46F100FCE7A1 /* PSCentral.h */ = {isa = PBXFileReference; fileEncoding = 4; lastKnownFileType = sourcecode.c.h; path = PSCentral.h; sourceTree = "<group>"; };
		F70A345416CA46F100FCE7A1 /* PSCentral.m */ = {isa = PBXFileReference; fileEncoding = 4; lastKnownFileType = sourcecode.c.objc; path = PSCentral.m; sourceTree = "<group>"; };
		F70A345616CA51C200FCE7A1 /* CFNetwork.framework */ = {isa = PBXFileReference; lastKnownFileType = wrapper.framework; name = CFNetwork.framework; path = System/Library/Frameworks/CFNetwork.framework; sourceTree = SDKROOT; };
		F70A345816CA51F600FCE7A1 /* MobileCoreServices.framework */ = {isa = PBXFileReference; lastKnownFileType = wrapper.framework; name = MobileCoreServices.framework; path = System/Library/Frameworks/MobileCoreServices.framework; sourceTree = SDKROOT; };
		F70A345A16CA51FF00FCE7A1 /* SystemConfiguration.framework */ = {isa = PBXFileReference; lastKnownFileType = wrapper.framework; name = SystemConfiguration.framework; path = System/Library/Frameworks/SystemConfiguration.framework; sourceTree = SDKROOT; };
		F70A345D16CA525300FCE7A1 /* Reachability.h */ = {isa = PBXFileReference; fileEncoding = 4; lastKnownFileType = sourcecode.c.h; path = Reachability.h; sourceTree = "<group>"; };
		F70A345E16CA525300FCE7A1 /* Reachability.m */ = {isa = PBXFileReference; fileEncoding = 4; lastKnownFileType = sourcecode.c.objc; path = Reachability.m; sourceTree = "<group>"; };
		F70A346016CA526600FCE7A1 /* libz.1.2.5.dylib */ = {isa = PBXFileReference; lastKnownFileType = "compiled.mach-o.dylib"; name = libz.1.2.5.dylib; path = usr/lib/libz.1.2.5.dylib; sourceTree = SDKROOT; };
/* End PBXFileReference section */

/* Begin PBXFrameworksBuildPhase section */
		1D60588F0D05DD3D006BFB54 /* Frameworks */ = {
			isa = PBXFrameworksBuildPhase;
			buildActionMask = 2147483647;
			files = (
				F70A346116CA526600FCE7A1 /* libz.1.2.5.dylib in Frameworks */,
				F70A345B16CA51FF00FCE7A1 /* SystemConfiguration.framework in Frameworks */,
				F70A345916CA51F600FCE7A1 /* MobileCoreServices.framework in Frameworks */,
				F70A345716CA51C200FCE7A1 /* CFNetwork.framework in Frameworks */,
				1D60589F0D05DD5A006BFB54 /* Foundation.framework in Frameworks */,
				1DF5F4E00D08C38300B7A737 /* UIKit.framework in Frameworks */,
				288765FD0DF74451002DB57D /* CoreGraphics.framework in Frameworks */,
			);
			runOnlyForDeploymentPostprocessing = 0;
		};
/* End PBXFrameworksBuildPhase section */

/* Begin PBXGroup section */
		080E96DDFE201D6D7F000001 /* Classes */ = {
			isa = PBXGroup;
			children = (
				1D3623240D0F684500981E51 /* PartySenseAppDelegate.h */,
				1D3623250D0F684500981E51 /* PartySenseAppDelegate.m */,
				43AD680512F579AD0093AF73 /* HomeViewController.h */,
				43AD680612F579AD0093AF73 /* HomeViewController.m */,
				43AD684D12F5C67F0093AF73 /* PSPageView.h */,
				43AD684E12F5C67F0093AF73 /* PSPageView.m */,
				C8FE0D7616A6B82100070851 /* MainMenuPageView.h */,
				C8FE0D7716A6B82100070851 /* MainMenuPageView.m */,
				C8FE0D7A16A6BA5200070851 /* MenuItemListView.h */,
				C8FE0D7B16A6BA5200070851 /* MenuItemListView.m */,
				F70A345316CA46F100FCE7A1 /* PSCentral.h */,
				F70A345416CA46F100FCE7A1 /* PSCentral.m */,
			);
			path = Classes;
			sourceTree = "<group>";
		};
		19C28FACFE9D520D11CA2CBB /* Products */ = {
			isa = PBXGroup;
			children = (
				1D6058910D05DD3D006BFB54 /* PartySense.app */,
			);
			name = Products;
			sourceTree = "<group>";
		};
		29B97314FDCFA39411CA2CEA /* CustomTemplate */ = {
			isa = PBXGroup;
			children = (
				F70A346016CA526600FCE7A1 /* libz.1.2.5.dylib */,
				F70A345A16CA51FF00FCE7A1 /* SystemConfiguration.framework */,
				F70A345816CA51F600FCE7A1 /* MobileCoreServices.framework */,
				F70A345616CA51C200FCE7A1 /* CFNetwork.framework */,
				C8B9823C16ABA0D2009FE453 /* Data */,
				C81AF16C16A4109C00742618 /* Default-568h@2x.png */,
				F70A345C16CA525300FCE7A1 /* Reachability */,
				F70A33DB16CA3DD700FCE7A1 /* Classes */,
				43AD67F512F5772E0093AF73 /* ATPagingView */,
				080E96DDFE201D6D7F000001 /* Classes */,
				29B97315FDCFA39411CA2CEA /* Other Sources */,
				29B97317FDCFA39411CA2CEA /* Resources */,
				29B97323FDCFA39411CA2CEA /* Frameworks */,
				19C28FACFE9D520D11CA2CBB /* Products */,
			);
			name = CustomTemplate;
			sourceTree = "<group>";
		};
		29B97315FDCFA39411CA2CEA /* Other Sources */ = {
			isa = PBXGroup;
			children = (
				32CA4F630368D1EE00C91783 /* PartySense_Prefix.pch */,
				29B97316FDCFA39411CA2CEA /* main.m */,
			);
			name = "Other Sources";
			sourceTree = "<group>";
		};
		29B97317FDCFA39411CA2CEA /* Resources */ = {
			isa = PBXGroup;
			children = (
				28AD733E0D9D9553002E5188 /* MainWindow.xib */,
				8D1107310486CEB800E47090 /* PartySense-Info.plist */,
			);
			name = Resources;
			sourceTree = "<group>";
		};
		29B97323FDCFA39411CA2CEA /* Frameworks */ = {
			isa = PBXGroup;
			children = (
				1DF5F4DF0D08C38300B7A737 /* UIKit.framework */,
				1D30AB110D05D00D00671497 /* Foundation.framework */,
				288765FC0DF74451002DB57D /* CoreGraphics.framework */,
			);
			name = Frameworks;
			sourceTree = "<group>";
		};
		43AD67F512F5772E0093AF73 /* ATPagingView */ = {
			isa = PBXGroup;
			children = (
				C81AF16916A40FF200742618 /* ATPagingView.h */,
				C81AF16A16A40FF200742618 /* ATPagingView.m */,
			);
			name = ATPagingView;
			sourceTree = "<group>";
		};
		F70A33DB16CA3DD700FCE7A1 /* Classes */ = {
			isa = PBXGroup;
			children = (
				F70A33DC16CA3DD700FCE7A1 /* ASIAuthenticationDialog.h */,
				F70A33DD16CA3DD700FCE7A1 /* ASIAuthenticationDialog.m */,
				F70A33DE16CA3DD700FCE7A1 /* ASICacheDelegate.h */,
				F70A33DF16CA3DD700FCE7A1 /* ASIDataCompressor.h */,
				F70A33E016CA3DD700FCE7A1 /* ASIDataCompressor.m */,
				F70A33E116CA3DD700FCE7A1 /* ASIDataDecompressor.h */,
				F70A33E216CA3DD700FCE7A1 /* ASIDataDecompressor.m */,
				F70A33E316CA3DD700FCE7A1 /* ASIDownloadCache.h */,
				F70A33E416CA3DD700FCE7A1 /* ASIDownloadCache.m */,
				F70A33E516CA3DD700FCE7A1 /* ASIFormDataRequest.h */,
				F70A33E616CA3DD700FCE7A1 /* ASIFormDataRequest.m */,
				F70A33E716CA3DD700FCE7A1 /* ASIHTTPRequest.h */,
				F70A33E816CA3DD700FCE7A1 /* ASIHTTPRequest.m */,
				F70A33E916CA3DD700FCE7A1 /* ASIHTTPRequestConfig.h */,
				F70A33EA16CA3DD700FCE7A1 /* ASIHTTPRequestDelegate.h */,
				F70A33EB16CA3DD700FCE7A1 /* ASIInputStream.h */,
				F70A33EC16CA3DD700FCE7A1 /* ASIInputStream.m */,
				F70A33ED16CA3DD700FCE7A1 /* ASINetworkQueue.h */,
				F70A33EE16CA3DD700FCE7A1 /* ASINetworkQueue.m */,
				F70A33EF16CA3DD700FCE7A1 /* ASIProgressDelegate.h */,
			);
			name = Classes;
			path = "../../../../Downloads/pokeb-asi-http-request-3ed0b3c/Classes";
			sourceTree = "<group>";
		};
		F70A345C16CA525300FCE7A1 /* Reachability */ = {
			isa = PBXGroup;
			children = (
				F70A345D16CA525300FCE7A1 /* Reachability.h */,
				F70A345E16CA525300FCE7A1 /* Reachability.m */,
			);
			name = Reachability;
			path = "../../../../Downloads/pokeb-asi-http-request-3ed0b3c/External/Reachability";
			sourceTree = "<group>";
		};
/* End PBXGroup section */

/* Begin PBXNativeTarget section */
		1D6058900D05DD3D006BFB54 /* PartySense */ = {
			isa = PBXNativeTarget;
			buildConfigurationList = 1D6058960D05DD3E006BFB54 /* Build configuration list for PBXNativeTarget "PartySense" */;
			buildPhases = (
				1D60588D0D05DD3D006BFB54 /* Resources */,
				1D60588E0D05DD3D006BFB54 /* Sources */,
				1D60588F0D05DD3D006BFB54 /* Frameworks */,
			);
			buildRules = (
			);
			dependencies = (
			);
			name = PartySense;
			productName = PartySense;
			productReference = 1D6058910D05DD3D006BFB54 /* PartySense.app */;
			productType = "com.apple.product-type.application";
		};
/* End PBXNativeTarget section */

/* Begin PBXProject section */
		29B97313FDCFA39411CA2CEA /* Project object */ = {
			isa = PBXProject;
			buildConfigurationList = C01FCF4E08A954540054247B /* Build configuration list for PBXProject "PartySenseiOS" */;
			compatibilityVersion = "Xcode 3.1";
			developmentRegion = English;
			hasScannedForEncodings = 1;
			knownRegions = (
				English,
				Japanese,
				French,
				German,
			);
			mainGroup = 29B97314FDCFA39411CA2CEA /* CustomTemplate */;
			projectDirPath = "";
			projectRoot = "";
			targets = (
				1D6058900D05DD3D006BFB54 /* PartySense */,
			);
		};
/* End PBXProject section */

/* Begin PBXResourcesBuildPhase section */
		1D60588D0D05DD3D006BFB54 /* Resources */ = {
			isa = PBXResourcesBuildPhase;
			buildActionMask = 2147483647;
			files = (
				28AD733F0D9D9553002E5188 /* MainWindow.xib in Resources */,
				C81AF16D16A4109C00742618 /* Default-568h@2x.png in Resources */,
				C8B9823D16ABA0D2009FE453 /* Data in Resources */,
			);
			runOnlyForDeploymentPostprocessing = 0;
		};
/* End PBXResourcesBuildPhase section */

/* Begin PBXSourcesBuildPhase section */
		1D60588E0D05DD3D006BFB54 /* Sources */ = {
			isa = PBXSourcesBuildPhase;
			buildActionMask = 2147483647;
			files = (
				1D60589B0D05DD56006BFB54 /* main.m in Sources */,
				1D3623260D0F684500981E51 /* PartySenseAppDelegate.m in Sources */,
				43AD680712F579AD0093AF73 /* HomeViewController.m in Sources */,
				43AD684F12F5C67F0093AF73 /* PSPageView.m in Sources */,
				C81AF16B16A40FF200742618 /* ATPagingView.m in Sources */,
				C8FE0D7816A6B82100070851 /* MainMenuPageView.m in Sources */,
				C8FE0D7C16A6BA5200070851 /* MenuItemListView.m in Sources */,
				F70A342E16CA3DD700FCE7A1 /* ASIAuthenticationDialog.m in Sources */,
				F70A342F16CA3DD700FCE7A1 /* ASIDataCompressor.m in Sources */,
				F70A343016CA3DD700FCE7A1 /* ASIDataDecompressor.m in Sources */,
				F70A343116CA3DD700FCE7A1 /* ASIDownloadCache.m in Sources */,
				F70A343216CA3DD700FCE7A1 /* ASIFormDataRequest.m in Sources */,
				F70A343316CA3DD700FCE7A1 /* ASIHTTPRequest.m in Sources */,
				F70A343416CA3DD700FCE7A1 /* ASIInputStream.m in Sources */,
				F70A343516CA3DD700FCE7A1 /* ASINetworkQueue.m in Sources */,
				F70A345516CA46F100FCE7A1 /* PSCentral.m in Sources */,
				F70A345F16CA525300FCE7A1 /* Reachability.m in Sources */,
			);
			runOnlyForDeploymentPostprocessing = 0;
		};
/* End PBXSourcesBuildPhase section */

/* Begin XCBuildConfiguration section */
		1D6058940D05DD3E006BFB54 /* Debug */ = {
			isa = XCBuildConfiguration;
			buildSettings = {
				ALWAYS_SEARCH_USER_PATHS = NO;
				COPY_PHASE_STRIP = NO;
				GCC_DYNAMIC_NO_PIC = NO;
				GCC_OPTIMIZATION_LEVEL = 0;
				GCC_PRECOMPILE_PREFIX_HEADER = YES;
				GCC_PREFIX_HEADER = PartySense_Prefix.pch;
				INFOPLIST_FILE = "PartySense-Info.plist";
				PRODUCT_NAME = PartySense;
			};
			name = Debug;
		};
		1D6058950D05DD3E006BFB54 /* Release */ = {
			isa = XCBuildConfiguration;
			buildSettings = {
				ALWAYS_SEARCH_USER_PATHS = NO;
				COPY_PHASE_STRIP = YES;
				GCC_PRECOMPILE_PREFIX_HEADER = YES;
				GCC_PREFIX_HEADER = PartySense_Prefix.pch;
				INFOPLIST_FILE = "PartySense-Info.plist";
				PRODUCT_NAME = PartySense;
				VALIDATE_PRODUCT = YES;
			};
			name = Release;
		};
		C01FCF4F08A954540054247B /* Debug */ = {
			isa = XCBuildConfiguration;
			buildSettings = {
				ARCHS = "$(ARCHS_STANDARD_32_BIT)";
				CODE_SIGN_IDENTITY = "iPhone Developer: Ahmed Hilali (KUQ9KRJEG7)";
				"CODE_SIGN_IDENTITY[sdk=iphoneos*]" = "iPhone Developer";
				GCC_C_LANGUAGE_STANDARD = c99;
				GCC_WARN_ABOUT_RETURN_TYPE = YES;
				GCC_WARN_UNUSED_VARIABLE = YES;
				PREBINDING = NO;
				PROVISIONING_PROFILE = "A95271DB-DEBE-4633-A652-0B2CFF3E7562";
				SDKROOT = iphoneos;
				TARGETED_DEVICE_FAMILY = "1,2";
			};
			name = Debug;
		};
		C01FCF5008A954540054247B /* Release */ = {
			isa = XCBuildConfiguration;
			buildSettings = {
				ARCHS = "$(ARCHS_STANDARD_32_BIT)";
				CODE_SIGN_IDENTITY = "iPhone Developer: Ahmed Hilali (KUQ9KRJEG7)";
				"CODE_SIGN_IDENTITY[sdk=iphoneos*]" = "iPhone Developer";
				GCC_C_LANGUAGE_STANDARD = c99;
				GCC_WARN_ABOUT_RETURN_TYPE = YES;
				GCC_WARN_UNUSED_VARIABLE = YES;
				OTHER_CFLAGS = "-DNS_BLOCK_ASSERTIONS=1";
				PREBINDING = NO;
				PROVISIONING_PROFILE = "A95271DB-DEBE-4633-A652-0B2CFF3E7562";
				SDKROOT = iphoneos;
				TARGETED_DEVICE_FAMILY = "1,2";
			};
			name = Release;
		};
/* End XCBuildConfiguration section */

/* Begin XCConfigurationList section */
		1D6058960D05DD3E006BFB54 /* Build configuration list for PBXNativeTarget "PartySense" */ = {
			isa = XCConfigurationList;
			buildConfigurations = (
				1D6058940D05DD3E006BFB54 /* Debug */,
				1D6058950D05DD3E006BFB54 /* Release */,
			);
			defaultConfigurationIsVisible = 0;
			defaultConfigurationName = Release;
		};
		C01FCF4E08A954540054247B /* Build configuration list for PBXProject "PartySenseiOS" */ = {
			isa = XCConfigurationList;
			buildConfigurations = (
				C01FCF4F08A954540054247B /* Debug */,
				C01FCF5008A954540054247B /* Release */,
			);
			defaultConfigurationIsVisible = 0;
			defaultConfigurationName = Release;
		};
/* End XCConfigurationList section */
	};
	rootObject = 29B97313FDCFA39411CA2CEA /* Project object */;
}
