// !$*UTF8*$!
{
	archiveVersion = 1;
	classes = {
	};
	objectVersion = 46;
	objects = {

/* Begin PBXBuildFile section */
		C81AF13216A3F81B00742618 /* UIKit.framework in Frameworks */ = {isa = PBXBuildFile; fileRef = C81AF13116A3F81B00742618 /* UIKit.framework */; };
		C81AF13416A3F81B00742618 /* Foundation.framework in Frameworks */ = {isa = PBXBuildFile; fileRef = C81AF13316A3F81B00742618 /* Foundation.framework */; };
		C81AF13616A3F81B00742618 /* CoreGraphics.framework in Frameworks */ = {isa = PBXBuildFile; fileRef = C81AF13516A3F81B00742618 /* CoreGraphics.framework */; };
		C81AF13C16A3F81B00742618 /* InfoPlist.strings in Resources */ = {isa = PBXBuildFile; fileRef = C81AF13A16A3F81B00742618 /* InfoPlist.strings */; };
		C81AF13E16A3F81B00742618 /* main.m in Sources */ = {isa = PBXBuildFile; fileRef = C81AF13D16A3F81B00742618 /* main.m */; };
		C81AF14216A3F81B00742618 /* AppDelegate.m in Sources */ = {isa = PBXBuildFile; fileRef = C81AF14116A3F81B00742618 /* AppDelegate.m */; };
		C81AF14416A3F81B00742618 /* Default.png in Resources */ = {isa = PBXBuildFile; fileRef = C81AF14316A3F81B00742618 /* Default.png */; };
		C81AF14616A3F81B00742618 /* Default@2x.png in Resources */ = {isa = PBXBuildFile; fileRef = C81AF14516A3F81B00742618 /* Default@2x.png */; };
		C81AF14816A3F81B00742618 /* Default-568h@2x.png in Resources */ = {isa = PBXBuildFile; fileRef = C81AF14716A3F81B00742618 /* Default-568h@2x.png */; };
		C81AF14F16A3FFC300742618 /* Resources in Resources */ = {isa = PBXBuildFile; fileRef = C81AF14E16A3FFC300742618 /* Resources */; };
		C81AF15916A4069600742618 /* NavigationController.m in Sources */ = {isa = PBXBuildFile; fileRef = C81AF15716A4069600742618 /* NavigationController.m */; };
		C81AF15A16A4069600742618 /* NavigationController.xib in Resources */ = {isa = PBXBuildFile; fileRef = C81AF15816A4069600742618 /* NavigationController.xib */; };
		C81AF15D16A4075F00742618 /* SPViewController.m in Sources */ = {isa = PBXBuildFile; fileRef = C81AF15C16A4075F00742618 /* SPViewController.m */; };
/* End PBXBuildFile section */

/* Begin PBXFileReference section */
		C81AF12D16A3F81B00742618 /* PartySense.app */ = {isa = PBXFileReference; explicitFileType = wrapper.application; includeInIndex = 0; path = PartySense.app; sourceTree = BUILT_PRODUCTS_DIR; };
		C81AF13116A3F81B00742618 /* UIKit.framework */ = {isa = PBXFileReference; lastKnownFileType = wrapper.framework; name = UIKit.framework; path = System/Library/Frameworks/UIKit.framework; sourceTree = SDKROOT; };
		C81AF13316A3F81B00742618 /* Foundation.framework */ = {isa = PBXFileReference; lastKnownFileType = wrapper.framework; name = Foundation.framework; path = System/Library/Frameworks/Foundation.framework; sourceTree = SDKROOT; };
		C81AF13516A3F81B00742618 /* CoreGraphics.framework */ = {isa = PBXFileReference; lastKnownFileType = wrapper.framework; name = CoreGraphics.framework; path = System/Library/Frameworks/CoreGraphics.framework; sourceTree = SDKROOT; };
		C81AF13916A3F81B00742618 /* PartySense-Info.plist */ = {isa = PBXFileReference; lastKnownFileType = text.plist.xml; path = "PartySense-Info.plist"; sourceTree = "<group>"; };
		C81AF13B16A3F81B00742618 /* en */ = {isa = PBXFileReference; lastKnownFileType = text.plist.strings; name = en; path = en.lproj/InfoPlist.strings; sourceTree = "<group>"; };
		C81AF13D16A3F81B00742618 /* main.m */ = {isa = PBXFileReference; lastKnownFileType = sourcecode.c.objc; path = main.m; sourceTree = "<group>"; };
		C81AF13F16A3F81B00742618 /* PartySense-Prefix.pch */ = {isa = PBXFileReference; lastKnownFileType = sourcecode.c.h; path = "PartySense-Prefix.pch"; sourceTree = "<group>"; };
		C81AF14016A3F81B00742618 /* AppDelegate.h */ = {isa = PBXFileReference; lastKnownFileType = sourcecode.c.h; path = AppDelegate.h; sourceTree = "<group>"; };
		C81AF14116A3F81B00742618 /* AppDelegate.m */ = {isa = PBXFileReference; lastKnownFileType = sourcecode.c.objc; path = AppDelegate.m; sourceTree = "<group>"; };
		C81AF14316A3F81B00742618 /* Default.png */ = {isa = PBXFileReference; lastKnownFileType = image.png; path = Default.png; sourceTree = "<group>"; };
		C81AF14516A3F81B00742618 /* Default@2x.png */ = {isa = PBXFileReference; lastKnownFileType = image.png; path = "Default@2x.png"; sourceTree = "<group>"; };
		C81AF14716A3F81B00742618 /* Default-568h@2x.png */ = {isa = PBXFileReference; lastKnownFileType = image.png; path = "Default-568h@2x.png"; sourceTree = "<group>"; };
		C81AF14E16A3FFC300742618 /* Resources */ = {isa = PBXFileReference; lastKnownFileType = folder; name = Resources; path = PartySense/Resources; sourceTree = "<group>"; };
		C81AF15616A4069600742618 /* NavigationController.h */ = {isa = PBXFileReference; fileEncoding = 4; lastKnownFileType = sourcecode.c.h; path = NavigationController.h; sourceTree = "<group>"; };
		C81AF15716A4069600742618 /* NavigationController.m */ = {isa = PBXFileReference; fileEncoding = 4; lastKnownFileType = sourcecode.c.objc; path = NavigationController.m; sourceTree = "<group>"; };
		C81AF15816A4069600742618 /* NavigationController.xib */ = {isa = PBXFileReference; fileEncoding = 4; lastKnownFileType = file.xib; path = NavigationController.xib; sourceTree = "<group>"; };
		C81AF15B16A4075F00742618 /* SPViewController.h */ = {isa = PBXFileReference; fileEncoding = 4; lastKnownFileType = sourcecode.c.h; path = SPViewController.h; sourceTree = "<group>"; };
		C81AF15C16A4075F00742618 /* SPViewController.m */ = {isa = PBXFileReference; fileEncoding = 4; lastKnownFileType = sourcecode.c.objc; path = SPViewController.m; sourceTree = "<group>"; };
/* End PBXFileReference section */

/* Begin PBXFrameworksBuildPhase section */
		C81AF12A16A3F81B00742618 /* Frameworks */ = {
			isa = PBXFrameworksBuildPhase;
			buildActionMask = 2147483647;
			files = (
				C81AF13216A3F81B00742618 /* UIKit.framework in Frameworks */,
				C81AF13416A3F81B00742618 /* Foundation.framework in Frameworks */,
				C81AF13616A3F81B00742618 /* CoreGraphics.framework in Frameworks */,
			);
			runOnlyForDeploymentPostprocessing = 0;
		};
/* End PBXFrameworksBuildPhase section */

/* Begin PBXGroup section */
		C81AF12216A3F81B00742618 = {
			isa = PBXGroup;
			children = (
				C81AF14E16A3FFC300742618 /* Resources */,
				C81AF13716A3F81B00742618 /* PartySense */,
				C81AF13016A3F81B00742618 /* Frameworks */,
				C81AF12E16A3F81B00742618 /* Products */,
			);
			sourceTree = "<group>";
		};
		C81AF12E16A3F81B00742618 /* Products */ = {
			isa = PBXGroup;
			children = (
				C81AF12D16A3F81B00742618 /* PartySense.app */,
			);
			name = Products;
			sourceTree = "<group>";
		};
		C81AF13016A3F81B00742618 /* Frameworks */ = {
			isa = PBXGroup;
			children = (
				C81AF13116A3F81B00742618 /* UIKit.framework */,
				C81AF13316A3F81B00742618 /* Foundation.framework */,
				C81AF13516A3F81B00742618 /* CoreGraphics.framework */,
			);
			name = Frameworks;
			sourceTree = "<group>";
		};
		C81AF13716A3F81B00742618 /* PartySense */ = {
			isa = PBXGroup;
			children = (
				C81AF13816A3F81B00742618 /* Supporting Files */,
				C81AF14016A3F81B00742618 /* AppDelegate.h */,
				C81AF15B16A4075F00742618 /* SPViewController.h */,
				C81AF15C16A4075F00742618 /* SPViewController.m */,
				C81AF14116A3F81B00742618 /* AppDelegate.m */,
				C81AF15616A4069600742618 /* NavigationController.h */,
				C81AF15716A4069600742618 /* NavigationController.m */,
				C81AF15816A4069600742618 /* NavigationController.xib */,
			);
			path = PartySense;
			sourceTree = "<group>";
		};
		C81AF13816A3F81B00742618 /* Supporting Files */ = {
			isa = PBXGroup;
			children = (
				C81AF13916A3F81B00742618 /* PartySense-Info.plist */,
				C81AF13A16A3F81B00742618 /* InfoPlist.strings */,
				C81AF13D16A3F81B00742618 /* main.m */,
				C81AF13F16A3F81B00742618 /* PartySense-Prefix.pch */,
				C81AF14316A3F81B00742618 /* Default.png */,
				C81AF14516A3F81B00742618 /* Default@2x.png */,
				C81AF14716A3F81B00742618 /* Default-568h@2x.png */,
			);
			name = "Supporting Files";
			sourceTree = "<group>";
		};
/* End PBXGroup section */

/* Begin PBXNativeTarget section */
		C81AF12C16A3F81B00742618 /* PartySense */ = {
			isa = PBXNativeTarget;
			buildConfigurationList = C81AF14B16A3F81B00742618 /* Build configuration list for PBXNativeTarget "PartySense" */;
			buildPhases = (
				C81AF12916A3F81B00742618 /* Sources */,
				C81AF12A16A3F81B00742618 /* Frameworks */,
				C81AF12B16A3F81B00742618 /* Resources */,
			);
			buildRules = (
			);
			dependencies = (
			);
			name = PartySense;
			productName = PartySense;
			productReference = C81AF12D16A3F81B00742618 /* PartySense.app */;
			productType = "com.apple.product-type.application";
		};
/* End PBXNativeTarget section */

/* Begin PBXProject section */
		C81AF12416A3F81B00742618 /* Project object */ = {
			isa = PBXProject;
			attributes = {
				LastUpgradeCheck = 0450;
				ORGANIZATIONNAME = PartySense;
			};
			buildConfigurationList = C81AF12716A3F81B00742618 /* Build configuration list for PBXProject "PartySense" */;
			compatibilityVersion = "Xcode 3.2";
			developmentRegion = English;
			hasScannedForEncodings = 0;
			knownRegions = (
				en,
			);
			mainGroup = C81AF12216A3F81B00742618;
			productRefGroup = C81AF12E16A3F81B00742618 /* Products */;
			projectDirPath = "";
			projectRoot = "";
			targets = (
				C81AF12C16A3F81B00742618 /* PartySense */,
			);
		};
/* End PBXProject section */

/* Begin PBXResourcesBuildPhase section */
		C81AF12B16A3F81B00742618 /* Resources */ = {
			isa = PBXResourcesBuildPhase;
			buildActionMask = 2147483647;
			files = (
				C81AF13C16A3F81B00742618 /* InfoPlist.strings in Resources */,
				C81AF14416A3F81B00742618 /* Default.png in Resources */,
				C81AF14616A3F81B00742618 /* Default@2x.png in Resources */,
				C81AF14816A3F81B00742618 /* Default-568h@2x.png in Resources */,
				C81AF14F16A3FFC300742618 /* Resources in Resources */,
				C81AF15A16A4069600742618 /* NavigationController.xib in Resources */,
			);
			runOnlyForDeploymentPostprocessing = 0;
		};
/* End PBXResourcesBuildPhase section */

/* Begin PBXSourcesBuildPhase section */
		C81AF12916A3F81B00742618 /* Sources */ = {
			isa = PBXSourcesBuildPhase;
			buildActionMask = 2147483647;
			files = (
				C81AF13E16A3F81B00742618 /* main.m in Sources */,
				C81AF14216A3F81B00742618 /* AppDelegate.m in Sources */,
				C81AF15916A4069600742618 /* NavigationController.m in Sources */,
				C81AF15D16A4075F00742618 /* SPViewController.m in Sources */,
			);
			runOnlyForDeploymentPostprocessing = 0;
		};
/* End PBXSourcesBuildPhase section */

/* Begin PBXVariantGroup section */
		C81AF13A16A3F81B00742618 /* InfoPlist.strings */ = {
			isa = PBXVariantGroup;
			children = (
				C81AF13B16A3F81B00742618 /* en */,
			);
			name = InfoPlist.strings;
			sourceTree = "<group>";
		};
/* End PBXVariantGroup section */

/* Begin XCBuildConfiguration section */
		C81AF14916A3F81B00742618 /* Debug */ = {
			isa = XCBuildConfiguration;
			buildSettings = {
				ALWAYS_SEARCH_USER_PATHS = NO;
				CLANG_CXX_LANGUAGE_STANDARD = "gnu++0x";
				CLANG_CXX_LIBRARY = "libc++";
				CLANG_WARN_EMPTY_BODY = YES;
				CLANG_WARN__DUPLICATE_METHOD_MATCH = YES;
				"CODE_SIGN_IDENTITY[sdk=iphoneos*]" = "iPhone Developer";
				COPY_PHASE_STRIP = NO;
				GCC_C_LANGUAGE_STANDARD = gnu99;
				GCC_DYNAMIC_NO_PIC = NO;
				GCC_OPTIMIZATION_LEVEL = 0;
				GCC_PREPROCESSOR_DEFINITIONS = (
					"DEBUG=1",
					"$(inherited)",
				);
				GCC_SYMBOLS_PRIVATE_EXTERN = NO;
				GCC_WARN_ABOUT_RETURN_TYPE = YES;
				GCC_WARN_UNINITIALIZED_AUTOS = YES;
				GCC_WARN_UNUSED_VARIABLE = YES;
				IPHONEOS_DEPLOYMENT_TARGET = 6.0;
				ONLY_ACTIVE_ARCH = YES;
				SDKROOT = iphoneos;
			};
			name = Debug;
		};
		C81AF14A16A3F81B00742618 /* Release */ = {
			isa = XCBuildConfiguration;
			buildSettings = {
				ALWAYS_SEARCH_USER_PATHS = NO;
				CLANG_CXX_LANGUAGE_STANDARD = "gnu++0x";
				CLANG_CXX_LIBRARY = "libc++";
				CLANG_WARN_EMPTY_BODY = YES;
				CLANG_WARN__DUPLICATE_METHOD_MATCH = YES;
				"CODE_SIGN_IDENTITY[sdk=iphoneos*]" = "iPhone Developer";
				COPY_PHASE_STRIP = YES;
				GCC_C_LANGUAGE_STANDARD = gnu99;
				GCC_WARN_ABOUT_RETURN_TYPE = YES;
				GCC_WARN_UNINITIALIZED_AUTOS = YES;
				GCC_WARN_UNUSED_VARIABLE = YES;
				IPHONEOS_DEPLOYMENT_TARGET = 6.0;
				OTHER_CFLAGS = "-DNS_BLOCK_ASSERTIONS=1";
				SDKROOT = iphoneos;
				VALIDATE_PRODUCT = YES;
			};
			name = Release;
		};
		C81AF14C16A3F81B00742618 /* Debug */ = {
			isa = XCBuildConfiguration;
			buildSettings = {
				GCC_PRECOMPILE_PREFIX_HEADER = YES;
				GCC_PREFIX_HEADER = "PartySense/PartySense-Prefix.pch";
				INFOPLIST_FILE = "PartySense/PartySense-Info.plist";
				PRODUCT_NAME = "$(TARGET_NAME)";
				WRAPPER_EXTENSION = app;
			};
			name = Debug;
		};
		C81AF14D16A3F81B00742618 /* Release */ = {
			isa = XCBuildConfiguration;
			buildSettings = {
				GCC_PRECOMPILE_PREFIX_HEADER = YES;
				GCC_PREFIX_HEADER = "PartySense/PartySense-Prefix.pch";
				INFOPLIST_FILE = "PartySense/PartySense-Info.plist";
				PRODUCT_NAME = "$(TARGET_NAME)";
				WRAPPER_EXTENSION = app;
			};
			name = Release;
		};
/* End XCBuildConfiguration section */

/* Begin XCConfigurationList section */
		C81AF12716A3F81B00742618 /* Build configuration list for PBXProject "PartySense" */ = {
			isa = XCConfigurationList;
			buildConfigurations = (
				C81AF14916A3F81B00742618 /* Debug */,
				C81AF14A16A3F81B00742618 /* Release */,
			);
			defaultConfigurationIsVisible = 0;
			defaultConfigurationName = Release;
		};
		C81AF14B16A3F81B00742618 /* Build configuration list for PBXNativeTarget "PartySense" */ = {
			isa = XCConfigurationList;
			buildConfigurations = (
				C81AF14C16A3F81B00742618 /* Debug */,
				C81AF14D16A3F81B00742618 /* Release */,
			);
			defaultConfigurationIsVisible = 0;
		};
/* End XCConfigurationList section */
	};
	rootObject = C81AF12416A3F81B00742618 /* Project object */;
}
